
Microsoft Visual Studio Solution File, Format Version 12.00
# Visual Studio Version 17
VisualStudioVersion = 17.10.35027.167
MinimumVisualStudioVersion = 10.0.40219.1
Project("{FAE04EC0-301F-11D3-BF4B-00C04F79EFBC}") = "CLDV PART 3 A (STUDIO)", "CLDV PART 3 A (STUDIO)\CLDV PART 3 A (STUDIO).csproj", "{85969FCD-72E7-424E-B37E-546BF1C9AA39}"
EndProject
Project("{FAE04EC0-301F-11D3-BF4B-00C04F79EFBC}") = "functionsPART3", "functionsPART3\functionsPART3.csproj", "{D702AC33-8131-44BA-97E2-B69A65F24921}"
EndProject
Global
	GlobalSection(SolutionConfigurationPlatforms) = preSolution
		Debug|Any CPU = Debug|Any CPU
		Release|Any CPU = Release|Any CPU
	EndGlobalSection
	GlobalSection(ProjectConfigurationPlatforms) = postSolution
		{85969FCD-72E7-424E-B37E-546BF1C9AA39}.Debug|Any CPU.ActiveCfg = Debug|Any CPU
		{85969FCD-72E7-424E-B37E-546BF1C9AA39}.Debug|Any CPU.Build.0 = Debug|Any CPU
		{85969FCD-72E7-424E-B37E-546BF1C9AA39}.Release|Any CPU.ActiveCfg = Release|Any CPU
		{85969FCD-72E7-424E-B37E-546BF1C9AA39}.Release|Any CPU.Build.0 = Release|Any CPU
		{D702AC33-8131-44BA-97E2-B69A65F24921}.Debug|Any CPU.ActiveCfg = Debug|Any CPU
		{D702AC33-8131-44BA-97E2-B69A65F24921}.Debug|Any CPU.Build.0 = Debug|Any CPU
		{D702AC33-8131-44BA-97E2-B69A65F24921}.Release|Any CPU.ActiveCfg = Release|Any CPU
		{D702AC33-8131-44BA-97E2-B69A65F24921}.Release|Any CPU.Build.0 = Release|Any CPU
	EndGlobalSection
	GlobalSection(SolutionProperties) = preSolution
		HideSolutionNode = FALSE
	EndGlobalSection
	GlobalSection(ExtensibilityGlobals) = postSolution
		SolutionGuid = {9AD9F395-20BA-4210-9131-AF52390D36D7}
	EndGlobalSection
EndGlobal
